
Microsoft Visual Studio Solution File, Format Version 12.00
# Visual Studio Version 17
VisualStudioVersion = 17.5.002.0
MinimumVisualStudioVersion = 10.0.40219.1
Project("{9A19103F-16F7-4668-BE54-9A1E7A4F7556}") = "MiBanco1", "MiBanco1.csproj", "{28B19EBA-9152-4C46-BFF1-32189D9E31BC}"
EndProject
Global
	GlobalSection(SolutionConfigurationPlatforms) = preSolution
		Debug|Any CPU = Debug|Any CPU
		Release|Any CPU = Release|Any CPU
	EndGlobalSection
	GlobalSection(ProjectConfigurationPlatforms) = postSolution
		{28B19EBA-9152-4C46-BFF1-32189D9E31BC}.Debug|Any CPU.ActiveCfg = Debug|Any CPU
		{28B19EBA-9152-4C46-BFF1-32189D9E31BC}.Debug|Any CPU.Build.0 = Debug|Any CPU
		{28B19EBA-9152-4C46-BFF1-32189D9E31BC}.Release|Any CPU.ActiveCfg = Release|Any CPU
		{28B19EBA-9152-4C46-BFF1-32189D9E31BC}.Release|Any CPU.Build.0 = Release|Any CPU
	EndGlobalSection
	GlobalSection(SolutionProperties) = preSolution
		HideSolutionNode = FALSE
	EndGlobalSection
	GlobalSection(ExtensibilityGlobals) = postSolution
		SolutionGuid = {68ED90FD-67A9-4955-8D15-831F1451BCA7}
	EndGlobalSection
EndGlobal
